// !$*UTF8*$!
{
	archiveVersion = 1;
	classes = {
	};
	objectVersion = 55;
	objects = {

/* Begin PBXBuildFile section */
		82E7452027A1634E004687F4 /* AppDelegate.swift in Sources */ = {isa = PBXBuildFile; fileRef = 82E7451F27A1634E004687F4 /* AppDelegate.swift */; };
		82E7452227A1634E004687F4 /* SceneDelegate.swift in Sources */ = {isa = PBXBuildFile; fileRef = 82E7452127A1634E004687F4 /* SceneDelegate.swift */; };
		82E7452427A1634E004687F4 /* ViewController.swift in Sources */ = {isa = PBXBuildFile; fileRef = 82E7452327A1634E004687F4 /* ViewController.swift */; };
		82E7452727A1634E004687F4 /* Main.storyboard in Resources */ = {isa = PBXBuildFile; fileRef = 82E7452527A1634E004687F4 /* Main.storyboard */; };
		82E7452927A16350004687F4 /* Assets.xcassets in Resources */ = {isa = PBXBuildFile; fileRef = 82E7452827A16350004687F4 /* Assets.xcassets */; };
		82E7452C27A16350004687F4 /* LaunchScreen.storyboard in Resources */ = {isa = PBXBuildFile; fileRef = 82E7452A27A16350004687F4 /* LaunchScreen.storyboard */; };
		82E7453A27A16373004687F4 /* AppDelegate.swift in Sources */ = {isa = PBXBuildFile; fileRef = 82E7453927A16373004687F4 /* AppDelegate.swift */; };
		82E7453C27A16373004687F4 /* ViewController.swift in Sources */ = {isa = PBXBuildFile; fileRef = 82E7453B27A16373004687F4 /* ViewController.swift */; };
		82E7453F27A16373004687F4 /* Main.storyboard in Resources */ = {isa = PBXBuildFile; fileRef = 82E7453D27A16373004687F4 /* Main.storyboard */; };
		82E7454127A16374004687F4 /* Assets.xcassets in Resources */ = {isa = PBXBuildFile; fileRef = 82E7454027A16374004687F4 /* Assets.xcassets */; };
		82E7454427A16374004687F4 /* LaunchScreen.storyboard in Resources */ = {isa = PBXBuildFile; fileRef = 82E7454227A16374004687F4 /* LaunchScreen.storyboard */; };
		82E7455027A179B3004687F4 /* TestRunner.swift in Sources */ = {isa = PBXBuildFile; fileRef = 82E7454F27A179B3004687F4 /* TestRunner.swift */; };
		82E7455127A179B3004687F4 /* TestRunner.swift in Sources */ = {isa = PBXBuildFile; fileRef = 82E7454F27A179B3004687F4 /* TestRunner.swift */; };
		82E7455327A179ED004687F4 /* LoadingFailure.swift in Sources */ = {isa = PBXBuildFile; fileRef = 82E7455227A179ED004687F4 /* LoadingFailure.swift */; };
		82E7455427A179ED004687F4 /* LoadingFailure.swift in Sources */ = {isa = PBXBuildFile; fileRef = 82E7455227A179ED004687F4 /* LoadingFailure.swift */; };
		82E7455627A17A09004687F4 /* ResourceLoader.swift in Sources */ = {isa = PBXBuildFile; fileRef = 82E7455527A17A09004687F4 /* ResourceLoader.swift */; };
		82E7455727A17A09004687F4 /* ResourceLoader.swift in Sources */ = {isa = PBXBuildFile; fileRef = 82E7455527A17A09004687F4 /* ResourceLoader.swift */; };
/* End PBXBuildFile section */

/* Begin PBXFileReference section */
		82E7451C27A1634E004687F4 /* ManifestParsingTest.app */ = {isa = PBXFileReference; explicitFileType = wrapper.application; includeInIndex = 0; path = ManifestParsingTest.app; sourceTree = BUILT_PRODUCTS_DIR; };
		82E7451F27A1634E004687F4 /* AppDelegate.swift */ = {isa = PBXFileReference; lastKnownFileType = sourcecode.swift; path = AppDelegate.swift; sourceTree = "<group>"; };
		82E7452127A1634E004687F4 /* SceneDelegate.swift */ = {isa = PBXFileReference; lastKnownFileType = sourcecode.swift; path = SceneDelegate.swift; sourceTree = "<group>"; };
		82E7452327A1634E004687F4 /* ViewController.swift */ = {isa = PBXFileReference; lastKnownFileType = sourcecode.swift; path = ViewController.swift; sourceTree = "<group>"; };
		82E7452627A1634E004687F4 /* Base */ = {isa = PBXFileReference; lastKnownFileType = file.storyboard; name = Base; path = Base.lproj/Main.storyboard; sourceTree = "<group>"; };
		82E7452827A16350004687F4 /* Assets.xcassets */ = {isa = PBXFileReference; lastKnownFileType = folder.assetcatalog; path = Assets.xcassets; sourceTree = "<group>"; };
		82E7452B27A16350004687F4 /* Base */ = {isa = PBXFileReference; lastKnownFileType = file.storyboard; name = Base; path = Base.lproj/LaunchScreen.storyboard; sourceTree = "<group>"; };
		82E7452D27A16350004687F4 /* Info.plist */ = {isa = PBXFileReference; lastKnownFileType = text.plist.xml; path = Info.plist; sourceTree = "<group>"; };
		82E7453727A16373004687F4 /* ManifestParsingTest_tvOS.app */ = {isa = PBXFileReference; explicitFileType = wrapper.application; includeInIndex = 0; path = ManifestParsingTest_tvOS.app; sourceTree = BUILT_PRODUCTS_DIR; };
		82E7453927A16373004687F4 /* AppDelegate.swift */ = {isa = PBXFileReference; lastKnownFileType = sourcecode.swift; path = AppDelegate.swift; sourceTree = "<group>"; };
		82E7453B27A16373004687F4 /* ViewController.swift */ = {isa = PBXFileReference; lastKnownFileType = sourcecode.swift; path = ViewController.swift; sourceTree = "<group>"; };
		82E7453E27A16373004687F4 /* Base */ = {isa = PBXFileReference; lastKnownFileType = file.storyboard; name = Base; path = Base.lproj/Main.storyboard; sourceTree = "<group>"; };
		82E7454027A16374004687F4 /* Assets.xcassets */ = {isa = PBXFileReference; lastKnownFileType = folder.assetcatalog; path = Assets.xcassets; sourceTree = "<group>"; };
		82E7454327A16374004687F4 /* Base */ = {isa = PBXFileReference; lastKnownFileType = file.storyboard; name = Base; path = Base.lproj/LaunchScreen.storyboard; sourceTree = "<group>"; };
		82E7454F27A179B3004687F4 /* TestRunner.swift */ = {isa = PBXFileReference; lastKnownFileType = sourcecode.swift; path = TestRunner.swift; sourceTree = "<group>"; };
		82E7455227A179ED004687F4 /* LoadingFailure.swift */ = {isa = PBXFileReference; lastKnownFileType = sourcecode.swift; path = LoadingFailure.swift; sourceTree = "<group>"; };
		82E7455527A17A09004687F4 /* ResourceLoader.swift */ = {isa = PBXFileReference; lastKnownFileType = sourcecode.swift; path = ResourceLoader.swift; sourceTree = "<group>"; };
/* End PBXFileReference section */

/* Begin PBXFrameworksBuildPhase section */
		82E7451927A1634E004687F4 /* Frameworks */ = {
			isa = PBXFrameworksBuildPhase;
			buildActionMask = 2147483647;
			files = (
			);
			runOnlyForDeploymentPostprocessing = 0;
		};
		82E7453427A16373004687F4 /* Frameworks */ = {
			isa = PBXFrameworksBuildPhase;
			buildActionMask = 2147483647;
			files = (
			);
			runOnlyForDeploymentPostprocessing = 0;
		};
/* End PBXFrameworksBuildPhase section */

/* Begin PBXGroup section */
		82E7451327A1634E004687F4 = {
			isa = PBXGroup;
			children = (
				82E7454827A16464004687F4 /* ManifestParsingTestShared */,
				82E7451E27A1634E004687F4 /* ManifestParsingTest */,
				82E7453827A16373004687F4 /* ManifestParsingTest_tvOS */,
				82E7451D27A1634E004687F4 /* Products */,
			);
			sourceTree = "<group>";
		};
		82E7451D27A1634E004687F4 /* Products */ = {
			isa = PBXGroup;
			children = (
				82E7451C27A1634E004687F4 /* ManifestParsingTest.app */,
				82E7453727A16373004687F4 /* ManifestParsingTest_tvOS.app */,
			);
			name = Products;
			sourceTree = "<group>";
		};
		82E7451E27A1634E004687F4 /* ManifestParsingTest */ = {
			isa = PBXGroup;
			children = (
				82E7451F27A1634E004687F4 /* AppDelegate.swift */,
				82E7452127A1634E004687F4 /* SceneDelegate.swift */,
				82E7452327A1634E004687F4 /* ViewController.swift */,
				82E7452527A1634E004687F4 /* Main.storyboard */,
				82E7452827A16350004687F4 /* Assets.xcassets */,
				82E7452A27A16350004687F4 /* LaunchScreen.storyboard */,
				82E7452D27A16350004687F4 /* Info.plist */,
			);
			path = ManifestParsingTest;
			sourceTree = "<group>";
		};
		82E7453827A16373004687F4 /* ManifestParsingTest_tvOS */ = {
			isa = PBXGroup;
			children = (
				82E7453927A16373004687F4 /* AppDelegate.swift */,
				82E7453B27A16373004687F4 /* ViewController.swift */,
				82E7453D27A16373004687F4 /* Main.storyboard */,
				82E7454027A16374004687F4 /* Assets.xcassets */,
				82E7454227A16374004687F4 /* LaunchScreen.storyboard */,
			);
			path = ManifestParsingTest_tvOS;
			sourceTree = "<group>";
		};
		82E7454827A16464004687F4 /* ManifestParsingTestShared */ = {
			isa = PBXGroup;
			children = (
				82E7454F27A179B3004687F4 /* TestRunner.swift */,
				82E7455227A179ED004687F4 /* LoadingFailure.swift */,
				82E7455527A17A09004687F4 /* ResourceLoader.swift */,
			);
			path = ManifestParsingTestShared;
			sourceTree = "<group>";
		};
/* End PBXGroup section */

/* Begin PBXNativeTarget section */
		82E7451B27A1634E004687F4 /* ManifestParsingTest */ = {
			isa = PBXNativeTarget;
			buildConfigurationList = 82E7453027A16350004687F4 /* Build configuration list for PBXNativeTarget "ManifestParsingTest" */;
			buildPhases = (
				82E7451827A1634E004687F4 /* Sources */,
				82E7451927A1634E004687F4 /* Frameworks */,
				82E7451A27A1634E004687F4 /* Resources */,
			);
			buildRules = (
			);
			dependencies = (
			);
			name = ManifestParsingTest;
			productName = ManifestParsingTest;
			productReference = 82E7451C27A1634E004687F4 /* ManifestParsingTest.app */;
			productType = "com.apple.product-type.application";
		};
		82E7453627A16373004687F4 /* ManifestParsingTest_tvOS */ = {
			isa = PBXNativeTarget;
			buildConfigurationList = 82E7454527A16374004687F4 /* Build configuration list for PBXNativeTarget "ManifestParsingTest_tvOS" */;
			buildPhases = (
				82E7453327A16373004687F4 /* Sources */,
				82E7453427A16373004687F4 /* Frameworks */,
				82E7453527A16373004687F4 /* Resources */,
			);
			buildRules = (
			);
			dependencies = (
			);
			name = ManifestParsingTest_tvOS;
			productName = ManifestParsingTest_tvOS;
			productReference = 82E7453727A16373004687F4 /* ManifestParsingTest_tvOS.app */;
			productType = "com.apple.product-type.application";
		};
/* End PBXNativeTarget section */

/* Begin PBXProject section */
		82E7451427A1634E004687F4 /* Project object */ = {
			isa = PBXProject;
			attributes = {
				BuildIndependentTargetsInParallel = 1;
				LastSwiftUpdateCheck = 1320;
				LastUpgradeCheck = 1320;
				TargetAttributes = {
					82E7451B27A1634E004687F4 = {
						CreatedOnToolsVersion = 13.2.1;
					};
					82E7453627A16373004687F4 = {
						CreatedOnToolsVersion = 13.2.1;
					};
				};
			};
			buildConfigurationList = 82E7451727A1634E004687F4 /* Build configuration list for PBXProject "ManifestParsingTest" */;
			compatibilityVersion = "Xcode 13.0";
			developmentRegion = en;
			hasScannedForEncodings = 0;
			knownRegions = (
				en,
				Base,
			);
			mainGroup = 82E7451327A1634E004687F4;
			productRefGroup = 82E7451D27A1634E004687F4 /* Products */;
			projectDirPath = "";
			projectRoot = "";
			targets = (
				82E7451B27A1634E004687F4 /* ManifestParsingTest */,
				82E7453627A16373004687F4 /* ManifestParsingTest_tvOS */,
			);
		};
/* End PBXProject section */

/* Begin PBXResourcesBuildPhase section */
		82E7451A27A1634E004687F4 /* Resources */ = {
			isa = PBXResourcesBuildPhase;
			buildActionMask = 2147483647;
			files = (
				82E7452C27A16350004687F4 /* LaunchScreen.storyboard in Resources */,
				82E7452927A16350004687F4 /* Assets.xcassets in Resources */,
				82E7452727A1634E004687F4 /* Main.storyboard in Resources */,
			);
			runOnlyForDeploymentPostprocessing = 0;
		};
		82E7453527A16373004687F4 /* Resources */ = {
			isa = PBXResourcesBuildPhase;
			buildActionMask = 2147483647;
			files = (
				82E7454427A16374004687F4 /* LaunchScreen.storyboard in Resources */,
				82E7454127A16374004687F4 /* Assets.xcassets in Resources */,
				82E7453F27A16373004687F4 /* Main.storyboard in Resources */,
			);
			runOnlyForDeploymentPostprocessing = 0;
		};
/* End PBXResourcesBuildPhase section */

/* Begin PBXSourcesBuildPhase section */
		82E7451827A1634E004687F4 /* Sources */ = {
			isa = PBXSourcesBuildPhase;
			buildActionMask = 2147483647;
			files = (
				82E7452427A1634E004687F4 /* ViewController.swift in Sources */,
				82E7455027A179B3004687F4 /* TestRunner.swift in Sources */,
				82E7455627A17A09004687F4 /* ResourceLoader.swift in Sources */,
				82E7455327A179ED004687F4 /* LoadingFailure.swift in Sources */,
				82E7452027A1634E004687F4 /* AppDelegate.swift in Sources */,
				82E7452227A1634E004687F4 /* SceneDelegate.swift in Sources */,
			);
			runOnlyForDeploymentPostprocessing = 0;
		};
		82E7453327A16373004687F4 /* Sources */ = {
			isa = PBXSourcesBuildPhase;
			buildActionMask = 2147483647;
			files = (
				82E7453C27A16373004687F4 /* ViewController.swift in Sources */,
				82E7455427A179ED004687F4 /* LoadingFailure.swift in Sources */,
				82E7455727A17A09004687F4 /* ResourceLoader.swift in Sources */,
				82E7455127A179B3004687F4 /* TestRunner.swift in Sources */,
				82E7453A27A16373004687F4 /* AppDelegate.swift in Sources */,
			);
			runOnlyForDeploymentPostprocessing = 0;
		};
/* End PBXSourcesBuildPhase section */

/* Begin PBXVariantGroup section */
		82E7452527A1634E004687F4 /* Main.storyboard */ = {
			isa = PBXVariantGroup;
			children = (
				82E7452627A1634E004687F4 /* Base */,
			);
			name = Main.storyboard;
			sourceTree = "<group>";
		};
		82E7452A27A16350004687F4 /* LaunchScreen.storyboard */ = {
			isa = PBXVariantGroup;
			children = (
				82E7452B27A16350004687F4 /* Base */,
			);
			name = LaunchScreen.storyboard;
			sourceTree = "<group>";
		};
		82E7453D27A16373004687F4 /* Main.storyboard */ = {
			isa = PBXVariantGroup;
			children = (
				82E7453E27A16373004687F4 /* Base */,
			);
			name = Main.storyboard;
			sourceTree = "<group>";
		};
		82E7454227A16374004687F4 /* LaunchScreen.storyboard */ = {
			isa = PBXVariantGroup;
			children = (
				82E7454327A16374004687F4 /* Base */,
			);
			name = LaunchScreen.storyboard;
			sourceTree = "<group>";
		};
/* End PBXVariantGroup section */

/* Begin XCBuildConfiguration section */
		82E7452E27A16350004687F4 /* Debug */ = {
			isa = XCBuildConfiguration;
			buildSettings = {
				ALWAYS_SEARCH_USER_PATHS = NO;
				CLANG_ANALYZER_NONNULL = YES;
				CLANG_ANALYZER_NUMBER_OBJECT_CONVERSION = YES_AGGRESSIVE;
				CLANG_CXX_LANGUAGE_STANDARD = "gnu++17";
				CLANG_CXX_LIBRARY = "libc++";
				CLANG_ENABLE_MODULES = YES;
				CLANG_ENABLE_OBJC_ARC = YES;
				CLANG_ENABLE_OBJC_WEAK = YES;
				CLANG_WARN_BLOCK_CAPTURE_AUTORELEASING = YES;
				CLANG_WARN_BOOL_CONVERSION = YES;
				CLANG_WARN_COMMA = YES;
				CLANG_WARN_CONSTANT_CONVERSION = YES;
				CLANG_WARN_DEPRECATED_OBJC_IMPLEMENTATIONS = YES;
				CLANG_WARN_DIRECT_OBJC_ISA_USAGE = YES_ERROR;
				CLANG_WARN_DOCUMENTATION_COMMENTS = YES;
				CLANG_WARN_EMPTY_BODY = YES;
				CLANG_WARN_ENUM_CONVERSION = YES;
				CLANG_WARN_INFINITE_RECURSION = YES;
				CLANG_WARN_INT_CONVERSION = YES;
				CLANG_WARN_NON_LITERAL_NULL_CONVERSION = YES;
				CLANG_WARN_OBJC_IMPLICIT_RETAIN_SELF = YES;
				CLANG_WARN_OBJC_LITERAL_CONVERSION = YES;
				CLANG_WARN_OBJC_ROOT_CLASS = YES_ERROR;
				CLANG_WARN_QUOTED_INCLUDE_IN_FRAMEWORK_HEADER = YES;
				CLANG_WARN_RANGE_LOOP_ANALYSIS = YES;
				CLANG_WARN_STRICT_PROTOTYPES = YES;
				CLANG_WARN_SUSPICIOUS_MOVE = YES;
				CLANG_WARN_UNGUARDED_AVAILABILITY = YES_AGGRESSIVE;
				CLANG_WARN_UNREACHABLE_CODE = YES;
				CLANG_WARN__DUPLICATE_METHOD_MATCH = YES;
				COPY_PHASE_STRIP = NO;
				DEBUG_INFORMATION_FORMAT = dwarf;
				ENABLE_STRICT_OBJC_MSGSEND = YES;
				ENABLE_TESTABILITY = YES;
				GCC_C_LANGUAGE_STANDARD = gnu11;
				GCC_DYNAMIC_NO_PIC = NO;
				GCC_NO_COMMON_BLOCKS = YES;
				GCC_OPTIMIZATION_LEVEL = 0;
				GCC_PREPROCESSOR_DEFINITIONS = (
					"DEBUG=1",
					"$(inherited)",
				);
				GCC_WARN_64_TO_32_BIT_CONVERSION = YES;
				GCC_WARN_ABOUT_RETURN_TYPE = YES_ERROR;
				GCC_WARN_UNDECLARED_SELECTOR = YES;
				GCC_WARN_UNINITIALIZED_AUTOS = YES_AGGRESSIVE;
				GCC_WARN_UNUSED_FUNCTION = YES;
				GCC_WARN_UNUSED_VARIABLE = YES;
				IPHONEOS_DEPLOYMENT_TARGET = 13.0;
				MTL_ENABLE_DEBUG_INFO = INCLUDE_SOURCE;
				MTL_FAST_MATH = YES;
				ONLY_ACTIVE_ARCH = YES;
				SDKROOT = iphoneos;
				SWIFT_ACTIVE_COMPILATION_CONDITIONS = DEBUG;
				SWIFT_OPTIMIZATION_LEVEL = "-Onone";
			};
			name = Debug;
		};
		82E7452F27A16350004687F4 /* Release */ = {
			isa = XCBuildConfiguration;
			buildSettings = {
				ALWAYS_SEARCH_USER_PATHS = NO;
				CLANG_ANALYZER_NONNULL = YES;
				CLANG_ANALYZER_NUMBER_OBJECT_CONVERSION = YES_AGGRESSIVE;
				CLANG_CXX_LANGUAGE_STANDARD = "gnu++17";
				CLANG_CXX_LIBRARY = "libc++";
				CLANG_ENABLE_MODULES = YES;
				CLANG_ENABLE_OBJC_ARC = YES;
				CLANG_ENABLE_OBJC_WEAK = YES;
				CLANG_WARN_BLOCK_CAPTURE_AUTORELEASING = YES;
				CLANG_WARN_BOOL_CONVERSION = YES;
				CLANG_WARN_COMMA = YES;
				CLANG_WARN_CONSTANT_CONVERSION = YES;
				CLANG_WARN_DEPRECATED_OBJC_IMPLEMENTATIONS = YES;
				CLANG_WARN_DIRECT_OBJC_ISA_USAGE = YES_ERROR;
				CLANG_WARN_DOCUMENTATION_COMMENTS = YES;
				CLANG_WARN_EMPTY_BODY = YES;
				CLANG_WARN_ENUM_CONVERSION = YES;
				CLANG_WARN_INFINITE_RECURSION = YES;
				CLANG_WARN_INT_CONVERSION = YES;
				CLANG_WARN_NON_LITERAL_NULL_CONVERSION = YES;
				CLANG_WARN_OBJC_IMPLICIT_RETAIN_SELF = YES;
				CLANG_WARN_OBJC_LITERAL_CONVERSION = YES;
				CLANG_WARN_OBJC_ROOT_CLASS = YES_ERROR;
				CLANG_WARN_QUOTED_INCLUDE_IN_FRAMEWORK_HEADER = YES;
				CLANG_WARN_RANGE_LOOP_ANALYSIS = YES;
				CLANG_WARN_STRICT_PROTOTYPES = YES;
				CLANG_WARN_SUSPICIOUS_MOVE = YES;
				CLANG_WARN_UNGUARDED_AVAILABILITY = YES_AGGRESSIVE;
				CLANG_WARN_UNREACHABLE_CODE = YES;
				CLANG_WARN__DUPLICATE_METHOD_MATCH = YES;
				COPY_PHASE_STRIP = NO;
				DEBUG_INFORMATION_FORMAT = "dwarf-with-dsym";
				ENABLE_NS_ASSERTIONS = NO;
				ENABLE_STRICT_OBJC_MSGSEND = YES;
				GCC_C_LANGUAGE_STANDARD = gnu11;
				GCC_NO_COMMON_BLOCKS = YES;
				GCC_WARN_64_TO_32_BIT_CONVERSION = YES;
				GCC_WARN_ABOUT_RETURN_TYPE = YES_ERROR;
				GCC_WARN_UNDECLARED_SELECTOR = YES;
				GCC_WARN_UNINITIALIZED_AUTOS = YES_AGGRESSIVE;
				GCC_WARN_UNUSED_FUNCTION = YES;
				GCC_WARN_UNUSED_VARIABLE = YES;
				IPHONEOS_DEPLOYMENT_TARGET = 13.0;
				MTL_ENABLE_DEBUG_INFO = NO;
				MTL_FAST_MATH = YES;
				SDKROOT = iphoneos;
				SWIFT_COMPILATION_MODE = wholemodule;
				SWIFT_OPTIMIZATION_LEVEL = "-O";
				VALIDATE_PRODUCT = YES;
			};
			name = Release;
		};
		82E7453127A16350004687F4 /* Debug */ = {
			isa = XCBuildConfiguration;
			buildSettings = {
				ASSETCATALOG_COMPILER_APPICON_NAME = AppIcon;
				ASSETCATALOG_COMPILER_GLOBAL_ACCENT_COLOR_NAME = AccentColor;
				CODE_SIGN_STYLE = Automatic;
				CURRENT_PROJECT_VERSION = 1;
				GENERATE_INFOPLIST_FILE = YES;
				INFOPLIST_FILE = ManifestParsingTest/Info.plist;
				INFOPLIST_KEY_UIApplicationSupportsIndirectInputEvents = YES;
				INFOPLIST_KEY_UILaunchStoryboardName = LaunchScreen;
				INFOPLIST_KEY_UIMainStoryboardFile = Main;
				INFOPLIST_KEY_UISupportedInterfaceOrientations_iPad = "UIInterfaceOrientationPortrait UIInterfaceOrientationPortraitUpsideDown UIInterfaceOrientationLandscapeLeft UIInterfaceOrientationLandscapeRight";
				INFOPLIST_KEY_UISupportedInterfaceOrientations_iPhone = "UIInterfaceOrientationPortrait UIInterfaceOrientationLandscapeLeft UIInterfaceOrientationLandscapeRight";
				LD_RUNPATH_SEARCH_PATHS = (
					"$(inherited)",
					"@executable_path/Frameworks",
				);
				MARKETING_VERSION = 1.0;
				PRODUCT_BUNDLE_IDENTIFIER = com.theRealRobG.ManifestParsingTest;
				PRODUCT_NAME = "$(TARGET_NAME)";
				SWIFT_EMIT_LOC_STRINGS = YES;
				SWIFT_VERSION = 5.0;
				TARGETED_DEVICE_FAMILY = "1,2";
			};
			name = Debug;
		};
		82E7453227A16350004687F4 /* Release */ = {
			isa = XCBuildConfiguration;
			buildSettings = {
				ASSETCATALOG_COMPILER_APPICON_NAME = AppIcon;
				ASSETCATALOG_COMPILER_GLOBAL_ACCENT_COLOR_NAME = AccentColor;
				CODE_SIGN_STYLE = Automatic;
				CURRENT_PROJECT_VERSION = 1;
				GENERATE_INFOPLIST_FILE = YES;
				INFOPLIST_FILE = ManifestParsingTest/Info.plist;
				INFOPLIST_KEY_UIApplicationSupportsIndirectInputEvents = YES;
				INFOPLIST_KEY_UILaunchStoryboardName = LaunchScreen;
				INFOPLIST_KEY_UIMainStoryboardFile = Main;
				INFOPLIST_KEY_UISupportedInterfaceOrientations_iPad = "UIInterfaceOrientationPortrait UIInterfaceOrientationPortraitUpsideDown UIInterfaceOrientationLandscapeLeft UIInterfaceOrientationLandscapeRight";
				INFOPLIST_KEY_UISupportedInterfaceOrientations_iPhone = "UIInterfaceOrientationPortrait UIInterfaceOrientationLandscapeLeft UIInterfaceOrientationLandscapeRight";
				LD_RUNPATH_SEARCH_PATHS = (
					"$(inherited)",
					"@executable_path/Frameworks",
				);
				MARKETING_VERSION = 1.0;
				PRODUCT_BUNDLE_IDENTIFIER = com.theRealRobG.ManifestParsingTest;
				PRODUCT_NAME = "$(TARGET_NAME)";
				SWIFT_EMIT_LOC_STRINGS = YES;
				SWIFT_VERSION = 5.0;
				TARGETED_DEVICE_FAMILY = "1,2";
			};
			name = Release;
		};
		82E7454627A16374004687F4 /* Debug */ = {
			isa = XCBuildConfiguration;
			buildSettings = {
				ASSETCATALOG_COMPILER_APPICON_NAME = "App Icon & Top Shelf Image";
				ASSETCATALOG_COMPILER_GLOBAL_ACCENT_COLOR_NAME = AccentColor;
				CODE_SIGN_STYLE = Automatic;
				CURRENT_PROJECT_VERSION = 1;
				GENERATE_INFOPLIST_FILE = YES;
				INFOPLIST_KEY_UILaunchStoryboardName = LaunchScreen;
				INFOPLIST_KEY_UIMainStoryboardFile = Main;
				INFOPLIST_KEY_UIUserInterfaceStyle = Automatic;
				LD_RUNPATH_SEARCH_PATHS = (
					"$(inherited)",
					"@executable_path/Frameworks",
				);
				MARKETING_VERSION = 1.0;
				PRODUCT_BUNDLE_IDENTIFIER = "com.theRealRobG.ManifestParsingTest-tvOS";
				PRODUCT_NAME = "$(TARGET_NAME)";
				SDKROOT = appletvos;
				SWIFT_EMIT_LOC_STRINGS = YES;
				SWIFT_VERSION = 5.0;
				TARGETED_DEVICE_FAMILY = 3;
				TVOS_DEPLOYMENT_TARGET = 13.0;
			};
			name = Debug;
		};
		82E7454727A16374004687F4 /* Release */ = {
			isa = XCBuildConfiguration;
			buildSettings = {
				ASSETCATALOG_COMPILER_APPICON_NAME = "App Icon & Top Shelf Image";
				ASSETCATALOG_COMPILER_GLOBAL_ACCENT_COLOR_NAME = AccentColor;
				CODE_SIGN_STYLE = Automatic;
				CURRENT_PROJECT_VERSION = 1;
				GENERATE_INFOPLIST_FILE = YES;
				INFOPLIST_KEY_UILaunchStoryboardName = LaunchScreen;
				INFOPLIST_KEY_UIMainStoryboardFile = Main;
				INFOPLIST_KEY_UIUserInterfaceStyle = Automatic;
				LD_RUNPATH_SEARCH_PATHS = (
					"$(inherited)",
					"@executable_path/Frameworks",
				);
				MARKETING_VERSION = 1.0;
				PRODUCT_BUNDLE_IDENTIFIER = "com.theRealRobG.ManifestParsingTest-tvOS";
				PRODUCT_NAME = "$(TARGET_NAME)";
				SDKROOT = appletvos;
				SWIFT_EMIT_LOC_STRINGS = YES;
				SWIFT_VERSION = 5.0;
				TARGETED_DEVICE_FAMILY = 3;
				TVOS_DEPLOYMENT_TARGET = 13.0;
			};
			name = Release;
		};
/* End XCBuildConfiguration section */

/* Begin XCConfigurationList section */
		82E7451727A1634E004687F4 /* Build configuration list for PBXProject "ManifestParsingTest" */ = {
			isa = XCConfigurationList;
			buildConfigurations = (
				82E7452E27A16350004687F4 /* Debug */,
				82E7452F27A16350004687F4 /* Release */,
			);
			defaultConfigurationIsVisible = 0;
			defaultConfigurationName = Release;
		};
		82E7453027A16350004687F4 /* Build configuration list for PBXNativeTarget "ManifestParsingTest" */ = {
			isa = XCConfigurationList;
			buildConfigurations = (
				82E7453127A16350004687F4 /* Debug */,
				82E7453227A16350004687F4 /* Release */,
			);
			defaultConfigurationIsVisible = 0;
			defaultConfigurationName = Release;
		};
		82E7454527A16374004687F4 /* Build configuration list for PBXNativeTarget "ManifestParsingTest_tvOS" */ = {
			isa = XCConfigurationList;
			buildConfigurations = (
				82E7454627A16374004687F4 /* Debug */,
				82E7454727A16374004687F4 /* Release */,
			);
			defaultConfigurationIsVisible = 0;
			defaultConfigurationName = Release;
		};
/* End XCConfigurationList section */
	};
	rootObject = 82E7451427A1634E004687F4 /* Project object */;
}
